# This file is generated by running "yarn install" inside your project.
# Manual changes might be lost - proceed with caution!

__metadata:
  version: 8
  cacheKey: 10c0

"@ms0503/oxc-config@workspace:.":
  version: 0.0.0-use.local
  resolution: "@ms0503/oxc-config@workspace:."
  dependencies:
    "@typescript/native-preview": "npm:^7.0.0-dev.20260308.1"
    oxfmt: "npm:^0.39"
    oxlint: "npm:^1"
    oxlint-tsgolint: "npm:^0.16"
  peerDependencies:
    oxfmt: ^0.39
  languageName: unknown
  linkType: soft

"@oxfmt/binding-android-arm-eabi@npm:0.39.0":
  version: 0.39.0
  resolution: "@oxfmt/binding-android-arm-eabi@npm:0.39.0"
  conditions: os=android & cpu=arm
  languageName: node
  linkType: hard

"@oxfmt/binding-android-arm64@npm:0.39.0":
  version: 0.39.0
  resolution: "@oxfmt/binding-android-arm64@npm:0.39.0"
  conditions: os=android & cpu=arm64
  languageName: node
  linkType: hard

"@oxfmt/binding-darwin-arm64@npm:0.39.0":
  version: 0.39.0
  resolution: "@oxfmt/binding-darwin-arm64@npm:0.39.0"
  conditions: os=darwin & cpu=arm64
  languageName: node
  linkType: hard

"@oxfmt/binding-darwin-x64@npm:0.39.0":
  version: 0.39.0
  resolution: "@oxfmt/binding-darwin-x64@npm:0.39.0"
  conditions: os=darwin & cpu=x64
  languageName: node
  linkType: hard

"@oxfmt/binding-freebsd-x64@npm:0.39.0":
  version: 0.39.0
  resolution: "@oxfmt/binding-freebsd-x64@npm:0.39.0"
  conditions: os=freebsd & cpu=x64
  languageName: node
  linkType: hard

"@oxfmt/binding-linux-arm-gnueabihf@npm:0.39.0":
  version: 0.39.0
  resolution: "@oxfmt/binding-linux-arm-gnueabihf@npm:0.39.0"
  conditions: os=linux & cpu=arm
  languageName: node
  linkType: hard

"@oxfmt/binding-linux-arm-musleabihf@npm:0.39.0":
  version: 0.39.0
  resolution: "@oxfmt/binding-linux-arm-musleabihf@npm:0.39.0"
  conditions: os=linux & cpu=arm
  languageName: node
  linkType: hard

"@oxfmt/binding-linux-arm64-gnu@npm:0.39.0":
  version: 0.39.0
  resolution: "@oxfmt/binding-linux-arm64-gnu@npm:0.39.0"
  conditions: os=linux & cpu=arm64 & libc=glibc
  languageName: node
  linkType: hard

"@oxfmt/binding-linux-arm64-musl@npm:0.39.0":
  version: 0.39.0
  resolution: "@oxfmt/binding-linux-arm64-musl@npm:0.39.0"
  conditions: os=linux & cpu=arm64 & libc=musl
  languageName: node
  linkType: hard

"@oxfmt/binding-linux-ppc64-gnu@npm:0.39.0":
  version: 0.39.0
  resolution: "@oxfmt/binding-linux-ppc64-gnu@npm:0.39.0"
  conditions: os=linux & cpu=ppc64 & libc=glibc
  languageName: node
  linkType: hard

"@oxfmt/binding-linux-riscv64-gnu@npm:0.39.0":
  version: 0.39.0
  resolution: "@oxfmt/binding-linux-riscv64-gnu@npm:0.39.0"
  conditions: os=linux & cpu=riscv64 & libc=glibc
  languageName: node
  linkType: hard

"@oxfmt/binding-linux-riscv64-musl@npm:0.39.0":
  version: 0.39.0
  resolution: "@oxfmt/binding-linux-riscv64-musl@npm:0.39.0"
  conditions: os=linux & cpu=riscv64 & libc=musl
  languageName: node
  linkType: hard

"@oxfmt/binding-linux-s390x-gnu@npm:0.39.0":
  version: 0.39.0
  resolution: "@oxfmt/binding-linux-s390x-gnu@npm:0.39.0"
  conditions: os=linux & cpu=s390x & libc=glibc
  languageName: node
  linkType: hard

"@oxfmt/binding-linux-x64-gnu@npm:0.39.0":
  version: 0.39.0
  resolution: "@oxfmt/binding-linux-x64-gnu@npm:0.39.0"
  conditions: os=linux & cpu=x64 & libc=glibc
  languageName: node
  linkType: hard

"@oxfmt/binding-linux-x64-musl@npm:0.39.0":
  version: 0.39.0
  resolution: "@oxfmt/binding-linux-x64-musl@npm:0.39.0"
  conditions: os=linux & cpu=x64 & libc=musl
  languageName: node
  linkType: hard

"@oxfmt/binding-openharmony-arm64@npm:0.39.0":
  version: 0.39.0
  resolution: "@oxfmt/binding-openharmony-arm64@npm:0.39.0"
  conditions: os=openharmony & cpu=arm64
  languageName: node
  linkType: hard

"@oxfmt/binding-win32-arm64-msvc@npm:0.39.0":
  version: 0.39.0
  resolution: "@oxfmt/binding-win32-arm64-msvc@npm:0.39.0"
  conditions: os=win32 & cpu=arm64
  languageName: node
  linkType: hard

"@oxfmt/binding-win32-ia32-msvc@npm:0.39.0":
  version: 0.39.0
  resolution: "@oxfmt/binding-win32-ia32-msvc@npm:0.39.0"
  conditions: os=win32 & cpu=ia32
  languageName: node
  linkType: hard

"@oxfmt/binding-win32-x64-msvc@npm:0.39.0":
  version: 0.39.0
  resolution: "@oxfmt/binding-win32-x64-msvc@npm:0.39.0"
  conditions: os=win32 & cpu=x64
  languageName: node
  linkType: hard

"@oxlint-tsgolint/darwin-arm64@npm:0.16.0":
  version: 0.16.0
  resolution: "@oxlint-tsgolint/darwin-arm64@npm:0.16.0"
  conditions: os=darwin & cpu=arm64
  languageName: node
  linkType: hard

"@oxlint-tsgolint/darwin-x64@npm:0.16.0":
  version: 0.16.0
  resolution: "@oxlint-tsgolint/darwin-x64@npm:0.16.0"
  conditions: os=darwin & cpu=x64
  languageName: node
  linkType: hard

"@oxlint-tsgolint/linux-arm64@npm:0.16.0":
  version: 0.16.0
  resolution: "@oxlint-tsgolint/linux-arm64@npm:0.16.0"
  conditions: os=linux & cpu=arm64
  languageName: node
  linkType: hard

"@oxlint-tsgolint/linux-x64@npm:0.16.0":
  version: 0.16.0
  resolution: "@oxlint-tsgolint/linux-x64@npm:0.16.0"
  conditions: os=linux & cpu=x64
  languageName: node
  linkType: hard

"@oxlint-tsgolint/win32-arm64@npm:0.16.0":
  version: 0.16.0
  resolution: "@oxlint-tsgolint/win32-arm64@npm:0.16.0"
  conditions: os=win32 & cpu=arm64
  languageName: node
  linkType: hard

"@oxlint-tsgolint/win32-x64@npm:0.16.0":
  version: 0.16.0
  resolution: "@oxlint-tsgolint/win32-x64@npm:0.16.0"
  conditions: os=win32 & cpu=x64
  languageName: node
  linkType: hard

"@oxlint/binding-android-arm-eabi@npm:1.51.0":
  version: 1.51.0
  resolution: "@oxlint/binding-android-arm-eabi@npm:1.51.0"
  conditions: os=android & cpu=arm
  languageName: node
  linkType: hard

"@oxlint/binding-android-arm64@npm:1.51.0":
  version: 1.51.0
  resolution: "@oxlint/binding-android-arm64@npm:1.51.0"
  conditions: os=android & cpu=arm64
  languageName: node
  linkType: hard

"@oxlint/binding-darwin-arm64@npm:1.51.0":
  version: 1.51.0
  resolution: "@oxlint/binding-darwin-arm64@npm:1.51.0"
  conditions: os=darwin & cpu=arm64
  languageName: node
  linkType: hard

"@oxlint/binding-darwin-x64@npm:1.51.0":
  version: 1.51.0
  resolution: "@oxlint/binding-darwin-x64@npm:1.51.0"
  conditions: os=darwin & cpu=x64
  languageName: node
  linkType: hard

"@oxlint/binding-freebsd-x64@npm:1.51.0":
  version: 1.51.0
  resolution: "@oxlint/binding-freebsd-x64@npm:1.51.0"
  conditions: os=freebsd & cpu=x64
  languageName: node
  linkType: hard

"@oxlint/binding-linux-arm-gnueabihf@npm:1.51.0":
  version: 1.51.0
  resolution: "@oxlint/binding-linux-arm-gnueabihf@npm:1.51.0"
  conditions: os=linux & cpu=arm
  languageName: node
  linkType: hard

"@oxlint/binding-linux-arm-musleabihf@npm:1.51.0":
  version: 1.51.0
  resolution: "@oxlint/binding-linux-arm-musleabihf@npm:1.51.0"
  conditions: os=linux & cpu=arm
  languageName: node
  linkType: hard

"@oxlint/binding-linux-arm64-gnu@npm:1.51.0":
  version: 1.51.0
  resolution: "@oxlint/binding-linux-arm64-gnu@npm:1.51.0"
  conditions: os=linux & cpu=arm64 & libc=glibc
  languageName: node
  linkType: hard

"@oxlint/binding-linux-arm64-musl@npm:1.51.0":
  version: 1.51.0
  resolution: "@oxlint/binding-linux-arm64-musl@npm:1.51.0"
  conditions: os=linux & cpu=arm64 & libc=musl
  languageName: node
  linkType: hard

"@oxlint/binding-linux-ppc64-gnu@npm:1.51.0":
  version: 1.51.0
  resolution: "@oxlint/binding-linux-ppc64-gnu@npm:1.51.0"
  conditions: os=linux & cpu=ppc64 & libc=glibc
  languageName: node
  linkType: hard

"@oxlint/binding-linux-riscv64-gnu@npm:1.51.0":
  version: 1.51.0
  resolution: "@oxlint/binding-linux-riscv64-gnu@npm:1.51.0"
  conditions: os=linux & cpu=riscv64 & libc=glibc
  languageName: node
  linkType: hard

"@oxlint/binding-linux-riscv64-musl@npm:1.51.0":
  version: 1.51.0
  resolution: "@oxlint/binding-linux-riscv64-musl@npm:1.51.0"
  conditions: os=linux & cpu=riscv64 & libc=musl
  languageName: node
  linkType: hard

"@oxlint/binding-linux-s390x-gnu@npm:1.51.0":
  version: 1.51.0
  resolution: "@oxlint/binding-linux-s390x-gnu@npm:1.51.0"
  conditions: os=linux & cpu=s390x & libc=glibc
  languageName: node
  linkType: hard

"@oxlint/binding-linux-x64-gnu@npm:1.51.0":
  version: 1.51.0
  resolution: "@oxlint/binding-linux-x64-gnu@npm:1.51.0"
  conditions: os=linux & cpu=x64 & libc=glibc
  languageName: node
  linkType: hard

"@oxlint/binding-linux-x64-musl@npm:1.51.0":
  version: 1.51.0
  resolution: "@oxlint/binding-linux-x64-musl@npm:1.51.0"
  conditions: os=linux & cpu=x64 & libc=musl
  languageName: node
  linkType: hard

"@oxlint/binding-openharmony-arm64@npm:1.51.0":
  version: 1.51.0
  resolution: "@oxlint/binding-openharmony-arm64@npm:1.51.0"
  conditions: os=openharmony & cpu=arm64
  languageName: node
  linkType: hard

"@oxlint/binding-win32-arm64-msvc@npm:1.51.0":
  version: 1.51.0
  resolution: "@oxlint/binding-win32-arm64-msvc@npm:1.51.0"
  conditions: os=win32 & cpu=arm64
  languageName: node
  linkType: hard

"@oxlint/binding-win32-ia32-msvc@npm:1.51.0":
  version: 1.51.0
  resolution: "@oxlint/binding-win32-ia32-msvc@npm:1.51.0"
  conditions: os=win32 & cpu=ia32
  languageName: node
  linkType: hard

"@oxlint/binding-win32-x64-msvc@npm:1.51.0":
  version: 1.51.0
  resolution: "@oxlint/binding-win32-x64-msvc@npm:1.51.0"
  conditions: os=win32 & cpu=x64
  languageName: node
  linkType: hard

"@typescript/native-preview-darwin-arm64@npm:7.0.0-dev.20260308.1":
  version: 7.0.0-dev.20260308.1
  resolution: "@typescript/native-preview-darwin-arm64@npm:7.0.0-dev.20260308.1"
  conditions: os=darwin & cpu=arm64
  languageName: node
  linkType: hard

"@typescript/native-preview-darwin-x64@npm:7.0.0-dev.20260308.1":
  version: 7.0.0-dev.20260308.1
  resolution: "@typescript/native-preview-darwin-x64@npm:7.0.0-dev.20260308.1"
  conditions: os=darwin & cpu=x64
  languageName: node
  linkType: hard

"@typescript/native-preview-linux-arm64@npm:7.0.0-dev.20260308.1":
  version: 7.0.0-dev.20260308.1
  resolution: "@typescript/native-preview-linux-arm64@npm:7.0.0-dev.20260308.1"
  conditions: os=linux & cpu=arm64
  languageName: node
  linkType: hard

"@typescript/native-preview-linux-arm@npm:7.0.0-dev.20260308.1":
  version: 7.0.0-dev.20260308.1
  resolution: "@typescript/native-preview-linux-arm@npm:7.0.0-dev.20260308.1"
  conditions: os=linux & cpu=arm
  languageName: node
  linkType: hard

"@typescript/native-preview-linux-x64@npm:7.0.0-dev.20260308.1":
  version: 7.0.0-dev.20260308.1
  resolution: "@typescript/native-preview-linux-x64@npm:7.0.0-dev.20260308.1"
  conditions: os=linux & cpu=x64
  languageName: node
  linkType: hard

"@typescript/native-preview-win32-arm64@npm:7.0.0-dev.20260308.1":
  version: 7.0.0-dev.20260308.1
  resolution: "@typescript/native-preview-win32-arm64@npm:7.0.0-dev.20260308.1"
  conditions: os=win32 & cpu=arm64
  languageName: node
  linkType: hard

"@typescript/native-preview-win32-x64@npm:7.0.0-dev.20260308.1":
  version: 7.0.0-dev.20260308.1
  resolution: "@typescript/native-preview-win32-x64@npm:7.0.0-dev.20260308.1"
  conditions: os=win32 & cpu=x64
  languageName: node
  linkType: hard

"@typescript/native-preview@npm:^7.0.0-dev.20260308.1":
  version: 7.0.0-dev.20260308.1
  resolution: "@typescript/native-preview@npm:7.0.0-dev.20260308.1"
  dependencies:
    "@typescript/native-preview-darwin-arm64": "npm:7.0.0-dev.20260308.1"
    "@typescript/native-preview-darwin-x64": "npm:7.0.0-dev.20260308.1"
    "@typescript/native-preview-linux-arm": "npm:7.0.0-dev.20260308.1"
    "@typescript/native-preview-linux-arm64": "npm:7.0.0-dev.20260308.1"
    "@typescript/native-preview-linux-x64": "npm:7.0.0-dev.20260308.1"
    "@typescript/native-preview-win32-arm64": "npm:7.0.0-dev.20260308.1"
    "@typescript/native-preview-win32-x64": "npm:7.0.0-dev.20260308.1"
  dependenciesMeta:
    "@typescript/native-preview-darwin-arm64":
      optional: true
    "@typescript/native-preview-darwin-x64":
      optional: true
    "@typescript/native-preview-linux-arm":
      optional: true
    "@typescript/native-preview-linux-arm64":
      optional: true
    "@typescript/native-preview-linux-x64":
      optional: true
    "@typescript/native-preview-win32-arm64":
      optional: true
    "@typescript/native-preview-win32-x64":
      optional: true
  bin:
    tsgo: bin/tsgo.js
  checksum: 10c0/e28cea852edf0e801795aa403cf33fb277654b62669169df03b2584b25978b45608a82d3012533788059d7c002a9dba6a1ec0407d36e558345d5094a12596496
  languageName: node
  linkType: hard

"oxfmt@npm:^0.39":
  version: 0.39.0
  resolution: "oxfmt@npm:0.39.0"
  dependencies:
    "@oxfmt/binding-android-arm-eabi": "npm:0.39.0"
    "@oxfmt/binding-android-arm64": "npm:0.39.0"
    "@oxfmt/binding-darwin-arm64": "npm:0.39.0"
    "@oxfmt/binding-darwin-x64": "npm:0.39.0"
    "@oxfmt/binding-freebsd-x64": "npm:0.39.0"
    "@oxfmt/binding-linux-arm-gnueabihf": "npm:0.39.0"
    "@oxfmt/binding-linux-arm-musleabihf": "npm:0.39.0"
    "@oxfmt/binding-linux-arm64-gnu": "npm:0.39.0"
    "@oxfmt/binding-linux-arm64-musl": "npm:0.39.0"
    "@oxfmt/binding-linux-ppc64-gnu": "npm:0.39.0"
    "@oxfmt/binding-linux-riscv64-gnu": "npm:0.39.0"
    "@oxfmt/binding-linux-riscv64-musl": "npm:0.39.0"
    "@oxfmt/binding-linux-s390x-gnu": "npm:0.39.0"
    "@oxfmt/binding-linux-x64-gnu": "npm:0.39.0"
    "@oxfmt/binding-linux-x64-musl": "npm:0.39.0"
    "@oxfmt/binding-openharmony-arm64": "npm:0.39.0"
    "@oxfmt/binding-win32-arm64-msvc": "npm:0.39.0"
    "@oxfmt/binding-win32-ia32-msvc": "npm:0.39.0"
    "@oxfmt/binding-win32-x64-msvc": "npm:0.39.0"
    tinypool: "npm:2.1.0"
  dependenciesMeta:
    "@oxfmt/binding-android-arm-eabi":
      optional: true
    "@oxfmt/binding-android-arm64":
      optional: true
    "@oxfmt/binding-darwin-arm64":
      optional: true
    "@oxfmt/binding-darwin-x64":
      optional: true
    "@oxfmt/binding-freebsd-x64":
      optional: true
    "@oxfmt/binding-linux-arm-gnueabihf":
      optional: true
    "@oxfmt/binding-linux-arm-musleabihf":
      optional: true
    "@oxfmt/binding-linux-arm64-gnu":
      optional: true
    "@oxfmt/binding-linux-arm64-musl":
      optional: true
    "@oxfmt/binding-linux-ppc64-gnu":
      optional: true
    "@oxfmt/binding-linux-riscv64-gnu":
      optional: true
    "@oxfmt/binding-linux-riscv64-musl":
      optional: true
    "@oxfmt/binding-linux-s390x-gnu":
      optional: true
    "@oxfmt/binding-linux-x64-gnu":
      optional: true
    "@oxfmt/binding-linux-x64-musl":
      optional: true
    "@oxfmt/binding-openharmony-arm64":
      optional: true
    "@oxfmt/binding-win32-arm64-msvc":
      optional: true
    "@oxfmt/binding-win32-ia32-msvc":
      optional: true
    "@oxfmt/binding-win32-x64-msvc":
      optional: true
  bin:
    oxfmt: bin/oxfmt
  checksum: 10c0/0a90a4853fe0dcf3c36c081b949cc276bc8eacc69ebb6e1c40721fcc02b1a9553e55848ae940997f5757ca157431dc415ea852d9727edbf6346eef6838767b13
  languageName: node
  linkType: hard

"oxlint-tsgolint@npm:^0.16":
  version: 0.16.0
  resolution: "oxlint-tsgolint@npm:0.16.0"
  dependencies:
    "@oxlint-tsgolint/darwin-arm64": "npm:0.16.0"
    "@oxlint-tsgolint/darwin-x64": "npm:0.16.0"
    "@oxlint-tsgolint/linux-arm64": "npm:0.16.0"
    "@oxlint-tsgolint/linux-x64": "npm:0.16.0"
    "@oxlint-tsgolint/win32-arm64": "npm:0.16.0"
    "@oxlint-tsgolint/win32-x64": "npm:0.16.0"
  dependenciesMeta:
    "@oxlint-tsgolint/darwin-arm64":
      optional: true
    "@oxlint-tsgolint/darwin-x64":
      optional: true
    "@oxlint-tsgolint/linux-arm64":
      optional: true
    "@oxlint-tsgolint/linux-x64":
      optional: true
    "@oxlint-tsgolint/win32-arm64":
      optional: true
    "@oxlint-tsgolint/win32-x64":
      optional: true
  bin:
    tsgolint: bin/tsgolint.js
  checksum: 10c0/6a0af5e28e446383260f9a8ada460fef1e95601563860234026a7ccb1e04a7f3efb484d836f9731364d6d12f66335fc9dcaab70328ae84ce23429a752ce8606e
  languageName: node
  linkType: hard

"oxlint@npm:^1":
  version: 1.51.0
  resolution: "oxlint@npm:1.51.0"
  dependencies:
    "@oxlint/binding-android-arm-eabi": "npm:1.51.0"
    "@oxlint/binding-android-arm64": "npm:1.51.0"
    "@oxlint/binding-darwin-arm64": "npm:1.51.0"
    "@oxlint/binding-darwin-x64": "npm:1.51.0"
    "@oxlint/binding-freebsd-x64": "npm:1.51.0"
    "@oxlint/binding-linux-arm-gnueabihf": "npm:1.51.0"
    "@oxlint/binding-linux-arm-musleabihf": "npm:1.51.0"
    "@oxlint/binding-linux-arm64-gnu": "npm:1.51.0"
    "@oxlint/binding-linux-arm64-musl": "npm:1.51.0"
    "@oxlint/binding-linux-ppc64-gnu": "npm:1.51.0"
    "@oxlint/binding-linux-riscv64-gnu": "npm:1.51.0"
    "@oxlint/binding-linux-riscv64-musl": "npm:1.51.0"
    "@oxlint/binding-linux-s390x-gnu": "npm:1.51.0"
    "@oxlint/binding-linux-x64-gnu": "npm:1.51.0"
    "@oxlint/binding-linux-x64-musl": "npm:1.51.0"
    "@oxlint/binding-openharmony-arm64": "npm:1.51.0"
    "@oxlint/binding-win32-arm64-msvc": "npm:1.51.0"
    "@oxlint/binding-win32-ia32-msvc": "npm:1.51.0"
    "@oxlint/binding-win32-x64-msvc": "npm:1.51.0"
  peerDependencies:
    oxlint-tsgolint: ">=0.15.0"
  dependenciesMeta:
    "@oxlint/binding-android-arm-eabi":
      optional: true
    "@oxlint/binding-android-arm64":
      optional: true
    "@oxlint/binding-darwin-arm64":
      optional: true
    "@oxlint/binding-darwin-x64":
      optional: true
    "@oxlint/binding-freebsd-x64":
      optional: true
    "@oxlint/binding-linux-arm-gnueabihf":
      optional: true
    "@oxlint/binding-linux-arm-musleabihf":
      optional: true
    "@oxlint/binding-linux-arm64-gnu":
      optional: true
    "@oxlint/binding-linux-arm64-musl":
      optional: true
    "@oxlint/binding-linux-ppc64-gnu":
      optional: true
    "@oxlint/binding-linux-riscv64-gnu":
      optional: true
    "@oxlint/binding-linux-riscv64-musl":
      optional: true
    "@oxlint/binding-linux-s390x-gnu":
      optional: true
    "@oxlint/binding-linux-x64-gnu":
      optional: true
    "@oxlint/binding-linux-x64-musl":
      optional: true
    "@oxlint/binding-openharmony-arm64":
      optional: true
    "@oxlint/binding-win32-arm64-msvc":
      optional: true
    "@oxlint/binding-win32-ia32-msvc":
      optional: true
    "@oxlint/binding-win32-x64-msvc":
      optional: true
  peerDependenciesMeta:
    oxlint-tsgolint:
      optional: true
  bin:
    oxlint: bin/oxlint
  checksum: 10c0/5fea641819ec4b74f316e3985f81d5ead094559c56c2c399be4de629614d5b46af1fce1d1dbf9dea085c4943d76cfb126e34b30033ec03b960a494864922b948
  languageName: node
  linkType: hard

"tinypool@npm:2.1.0":
  version: 2.1.0
  resolution: "tinypool@npm:2.1.0"
  checksum: 10c0/9fb1c760558c6264e0f4cfde96a63b12450b43f1730fbe6274aa24ddbdf488745c08924d0dea7a1303b47d555416a6415f2113898c69b6ecf731e75ac95238a5
  languageName: node
  linkType: hard
